
Microsoft Visual Studio Solution File, Format Version 12.00
# Visual Studio Version 17
VisualStudioVersion = 17.8.34525.116
MinimumVisualStudioVersion = 10.0.40219.1
Project("{FAE04EC0-301F-11D3-BF4B-00C04F79EFBC}") = "Lab3", "Lab3.csproj", "{0EF41381-F2B8-47A7-8DD8-5E87AE6E4A32}"
EndProject
Global
	GlobalSection(SolutionConfigurationPlatforms) = preSolution
		Debug|Any CPU = Debug|Any CPU
		Release|Any CPU = Release|Any CPU
	EndGlobalSection
	GlobalSection(ProjectConfigurationPlatforms) = postSolution
		{0EF41381-F2B8-47A7-8DD8-5E87AE6E4A32}.Debug|Any CPU.ActiveCfg = Debug|Any CPU
		{0EF41381-F2B8-47A7-8DD8-5E87AE6E4A32}.Debug|Any CPU.Build.0 = Debug|Any CPU
		{0EF41381-F2B8-47A7-8DD8-5E87AE6E4A32}.Release|Any CPU.ActiveCfg = Release|Any CPU
		{0EF41381-F2B8-47A7-8DD8-5E87AE6E4A32}.Release|Any CPU.Build.0 = Release|Any CPU
	EndGlobalSection
	GlobalSection(SolutionProperties) = preSolution
		HideSolutionNode = FALSE
	EndGlobalSection
	GlobalSection(ExtensibilityGlobals) = postSolution
		SolutionGuid = {389AF2C8-83DD-40FE-81FE-DA5BDE377D0D}
	EndGlobalSection
EndGlobal
